{
  "name": "hierarchy-js",
  "version": "0.1.0",
  "lockfileVersion": 1,
  "requires": true,
  "dependencies": {
    "prettier": {
      "version": "1.15.3",
      "resolved": "http://artifactory.mhd.local/artifactory/api/npm/npm/prettier/-/prettier-1.15.3.tgz",
      "integrity": "sha1-H+qsW90YEje1Tb5l2HTgKhRyeGo=",
      "dev": true
    }
  }
}
